
Microsoft Visual Studio Solution File, Format Version 12.00
# Visual Studio Version 16
VisualStudioVersion = 16.0.30523.141
MinimumVisualStudioVersion = 10.0.40219.1
Project("{9A19103F-16F7-4668-BE54-9A1E7A4F7556}") = "OOP_UnitTesting", "OOP_UnitTesting\OOP_UnitTesting.csproj", "{13C367BF-5D53-457B-A2AE-C6C328AEA26C}"
EndProject
Project("{9A19103F-16F7-4668-BE54-9A1E7A4F7556}") = "CarManager", "CarManager\CarManager.csproj", "{71F0A3E9-91E6-4266-A34B-39D02C5B8DE1}"
EndProject
Project("{9A19103F-16F7-4668-BE54-9A1E7A4F7556}") = "CarManager.Tests", "CarManager.Tests\CarManager.Tests.csproj", "{F02FF947-FEE3-4F41-A184-22863A5AFD17}"
EndProject
Project("{9A19103F-16F7-4668-BE54-9A1E7A4F7556}") = "Database", "Database\Database.csproj", "{4AFC1BF0-6240-46CF-BB8D-524E091AA3DF}"
EndProject
Project("{9A19103F-16F7-4668-BE54-9A1E7A4F7556}") = "Database.Tests", "Database.Tests\Database.Tests.csproj", "{097B3A0B-8DF4-42D5-B339-D8C21D5EBF3A}"
EndProject
Project("{9A19103F-16F7-4668-BE54-9A1E7A4F7556}") = "FightingArena", "FightingArena\FightingArena.csproj", "{21990633-4E7E-4FB1-9CC7-4BD683B816ED}"
EndProject
Project("{9A19103F-16F7-4668-BE54-9A1E7A4F7556}") = "FightingArena.Tests", "FightingArena.Tests\FightingArena.Tests.csproj", "{7535738B-FB4E-4DFC-9F1F-658ED83FA45C}"
EndProject
Project("{9A19103F-16F7-4668-BE54-9A1E7A4F7556}") = "DatabaseExtended", "DatabaseExtended\DatabaseExtended.csproj", "{A4D9F8A7-6B6D-4543-9FA4-BFD710A0C54D}"
EndProject
Project("{9A19103F-16F7-4668-BE54-9A1E7A4F7556}") = "DatabaseExtended.Tests", "DatabaseExtended.Tests\DatabaseExtended.Tests.csproj", "{88F80FA5-4EB8-4A26-B18C-7F7F031A4CB4}"
EndProject
Project("{9A19103F-16F7-4668-BE54-9A1E7A4F7556}") = "BankSafe.Tests", "BankSafe.Tests\BankSafe.Tests.csproj", "{375B1833-B14F-480B-990A-195E2C36680A}"
EndProject
Project("{9A19103F-16F7-4668-BE54-9A1E7A4F7556}") = "BankSafe", "BankSafe\BankSafe.csproj", "{DEA533A7-8BD6-43CB-9B4A-2DBA8A5E1F40}"
EndProject
Project("{9A19103F-16F7-4668-BE54-9A1E7A4F7556}") = "TheRace", "TheRace\TheRace.csproj", "{C3327C7B-0F78-47B0-A234-240AA7FE017D}"
EndProject
Project("{9A19103F-16F7-4668-BE54-9A1E7A4F7556}") = "TheRace.Tests", "TheRace.Tests\TheRace.Tests.csproj", "{382D1F93-F5A6-4DD8-B2FE-F3D75422F7FA}"
EndProject
Project("{9A19103F-16F7-4668-BE54-9A1E7A4F7556}") = "Robots_old", "Robots\Robots_old.csproj", "{288F1A77-88CC-45D0-B0F6-B638DA0689AD}"
EndProject
Project("{9A19103F-16F7-4668-BE54-9A1E7A4F7556}") = "Robots.Tests_OLD", "Robots.Tests\Robots.Tests_OLD.csproj", "{41BC50E9-6EE0-49DE-87CC-2A756ABE8D2E}"
EndProject
Project("{9A19103F-16F7-4668-BE54-9A1E7A4F7556}") = "Bakery", "Bakery\Bakery.csproj", "{5D017D2B-0147-4DD9-9CC8-4C35F0AE66DB}"
EndProject
Project("{9A19103F-16F7-4668-BE54-9A1E7A4F7556}") = "EasterRaces", "EasterRaces\EasterRaces.csproj", "{A5FD7415-E2C5-4049-8DF1-E22E1648846D}"
EndProject
Project("{9A19103F-16F7-4668-BE54-9A1E7A4F7556}") = "FestivalManager", "FestivalManager\FestivalManager.csproj", "{EDA6F04D-5373-41DF-BEED-99244DDAA889}"
EndProject
Project("{9A19103F-16F7-4668-BE54-9A1E7A4F7556}") = "FestivalManager.Tests", "FestivalManager.Tests\FestivalManager.Tests.csproj", "{9A25AE5E-D74A-4D0A-A357-DD55D105882E}"
EndProject
Project("{9A19103F-16F7-4668-BE54-9A1E7A4F7556}") = "Aquariums", "Aquariums\Aquariums.csproj", "{803B7A41-F345-4A8F-9D0B-78F803F3FB3F}"
EndProject
Project("{9A19103F-16F7-4668-BE54-9A1E7A4F7556}") = "Aquariums.Tests", "Aquariums.Tests\Aquariums.Tests.csproj", "{6FEE2768-C311-477B-83C0-22A6F8617830}"
EndProject
Project("{9A19103F-16F7-4668-BE54-9A1E7A4F7556}") = "Robots", "Robots\Robots.csproj", "{CD4A1150-D98B-408D-B6F5-BF53C40965DF}"
EndProject
Project("{9A19103F-16F7-4668-BE54-9A1E7A4F7556}") = "Robots.Tests", "Robots.Tests\Robots.Tests.csproj", "{1DE3C862-DEC2-44AF-8C71-21DC8A729421}"
EndProject
Project("{9A19103F-16F7-4668-BE54-9A1E7A4F7556}") = "CarRacing", "CarRacing\CarRacing.csproj", "{AF3B1B2A-7D84-46A3-A53D-71B84BEB1F4C}"
EndProject
Global
	GlobalSection(SolutionConfigurationPlatforms) = preSolution
		Debug|Any CPU = Debug|Any CPU
		Release|Any CPU = Release|Any CPU
		Test|Any CPU = Test|Any CPU
	EndGlobalSection
	GlobalSection(ProjectConfigurationPlatforms) = postSolution
		{13C367BF-5D53-457B-A2AE-C6C328AEA26C}.Debug|Any CPU.ActiveCfg = Debug|Any CPU
		{13C367BF-5D53-457B-A2AE-C6C328AEA26C}.Debug|Any CPU.Build.0 = Debug|Any CPU
		{13C367BF-5D53-457B-A2AE-C6C328AEA26C}.Release|Any CPU.ActiveCfg = Release|Any CPU
		{13C367BF-5D53-457B-A2AE-C6C328AEA26C}.Release|Any CPU.Build.0 = Release|Any CPU
		{13C367BF-5D53-457B-A2AE-C6C328AEA26C}.Test|Any CPU.ActiveCfg = Release|Any CPU
		{13C367BF-5D53-457B-A2AE-C6C328AEA26C}.Test|Any CPU.Build.0 = Release|Any CPU
		{71F0A3E9-91E6-4266-A34B-39D02C5B8DE1}.Debug|Any CPU.ActiveCfg = Debug|Any CPU
		{71F0A3E9-91E6-4266-A34B-39D02C5B8DE1}.Debug|Any CPU.Build.0 = Debug|Any CPU
		{71F0A3E9-91E6-4266-A34B-39D02C5B8DE1}.Release|Any CPU.ActiveCfg = Release|Any CPU
		{71F0A3E9-91E6-4266-A34B-39D02C5B8DE1}.Release|Any CPU.Build.0 = Release|Any CPU
		{71F0A3E9-91E6-4266-A34B-39D02C5B8DE1}.Test|Any CPU.ActiveCfg = Release|Any CPU
		{71F0A3E9-91E6-4266-A34B-39D02C5B8DE1}.Test|Any CPU.Build.0 = Release|Any CPU
		{F02FF947-FEE3-4F41-A184-22863A5AFD17}.Debug|Any CPU.ActiveCfg = Debug|Any CPU
		{F02FF947-FEE3-4F41-A184-22863A5AFD17}.Debug|Any CPU.Build.0 = Debug|Any CPU
		{F02FF947-FEE3-4F41-A184-22863A5AFD17}.Release|Any CPU.ActiveCfg = Release|Any CPU
		{F02FF947-FEE3-4F41-A184-22863A5AFD17}.Release|Any CPU.Build.0 = Release|Any CPU
		{F02FF947-FEE3-4F41-A184-22863A5AFD17}.Test|Any CPU.ActiveCfg = Release|Any CPU
		{F02FF947-FEE3-4F41-A184-22863A5AFD17}.Test|Any CPU.Build.0 = Release|Any CPU
		{4AFC1BF0-6240-46CF-BB8D-524E091AA3DF}.Debug|Any CPU.ActiveCfg = Debug|Any CPU
		{4AFC1BF0-6240-46CF-BB8D-524E091AA3DF}.Debug|Any CPU.Build.0 = Debug|Any CPU
		{4AFC1BF0-6240-46CF-BB8D-524E091AA3DF}.Release|Any CPU.ActiveCfg = Release|Any CPU
		{4AFC1BF0-6240-46CF-BB8D-524E091AA3DF}.Release|Any CPU.Build.0 = Release|Any CPU
		{4AFC1BF0-6240-46CF-BB8D-524E091AA3DF}.Test|Any CPU.ActiveCfg = Release|Any CPU
		{4AFC1BF0-6240-46CF-BB8D-524E091AA3DF}.Test|Any CPU.Build.0 = Release|Any CPU
		{097B3A0B-8DF4-42D5-B339-D8C21D5EBF3A}.Debug|Any CPU.ActiveCfg = Debug|Any CPU
		{097B3A0B-8DF4-42D5-B339-D8C21D5EBF3A}.Debug|Any CPU.Build.0 = Debug|Any CPU
		{097B3A0B-8DF4-42D5-B339-D8C21D5EBF3A}.Release|Any CPU.ActiveCfg = Release|Any CPU
		{097B3A0B-8DF4-42D5-B339-D8C21D5EBF3A}.Release|Any CPU.Build.0 = Release|Any CPU
		{097B3A0B-8DF4-42D5-B339-D8C21D5EBF3A}.Test|Any CPU.ActiveCfg = Release|Any CPU
		{097B3A0B-8DF4-42D5-B339-D8C21D5EBF3A}.Test|Any CPU.Build.0 = Release|Any CPU
		{21990633-4E7E-4FB1-9CC7-4BD683B816ED}.Debug|Any CPU.ActiveCfg = Debug|Any CPU
		{21990633-4E7E-4FB1-9CC7-4BD683B816ED}.Debug|Any CPU.Build.0 = Debug|Any CPU
		{21990633-4E7E-4FB1-9CC7-4BD683B816ED}.Release|Any CPU.ActiveCfg = Release|Any CPU
		{21990633-4E7E-4FB1-9CC7-4BD683B816ED}.Release|Any CPU.Build.0 = Release|Any CPU
		{21990633-4E7E-4FB1-9CC7-4BD683B816ED}.Test|Any CPU.ActiveCfg = Release|Any CPU
		{21990633-4E7E-4FB1-9CC7-4BD683B816ED}.Test|Any CPU.Build.0 = Release|Any CPU
		{7535738B-FB4E-4DFC-9F1F-658ED83FA45C}.Debug|Any CPU.ActiveCfg = Debug|Any CPU
		{7535738B-FB4E-4DFC-9F1F-658ED83FA45C}.Debug|Any CPU.Build.0 = Debug|Any CPU
		{7535738B-FB4E-4DFC-9F1F-658ED83FA45C}.Release|Any CPU.ActiveCfg = Release|Any CPU
		{7535738B-FB4E-4DFC-9F1F-658ED83FA45C}.Release|Any CPU.Build.0 = Release|Any CPU
		{7535738B-FB4E-4DFC-9F1F-658ED83FA45C}.Test|Any CPU.ActiveCfg = Release|Any CPU
		{7535738B-FB4E-4DFC-9F1F-658ED83FA45C}.Test|Any CPU.Build.0 = Release|Any CPU
		{A4D9F8A7-6B6D-4543-9FA4-BFD710A0C54D}.Debug|Any CPU.ActiveCfg = Debug|Any CPU
		{A4D9F8A7-6B6D-4543-9FA4-BFD710A0C54D}.Debug|Any CPU.Build.0 = Debug|Any CPU
		{A4D9F8A7-6B6D-4543-9FA4-BFD710A0C54D}.Release|Any CPU.ActiveCfg = Release|Any CPU
		{A4D9F8A7-6B6D-4543-9FA4-BFD710A0C54D}.Release|Any CPU.Build.0 = Release|Any CPU
		{A4D9F8A7-6B6D-4543-9FA4-BFD710A0C54D}.Test|Any CPU.ActiveCfg = Release|Any CPU
		{A4D9F8A7-6B6D-4543-9FA4-BFD710A0C54D}.Test|Any CPU.Build.0 = Release|Any CPU
		{88F80FA5-4EB8-4A26-B18C-7F7F031A4CB4}.Debug|Any CPU.ActiveCfg = Debug|Any CPU
		{88F80FA5-4EB8-4A26-B18C-7F7F031A4CB4}.Debug|Any CPU.Build.0 = Debug|Any CPU
		{88F80FA5-4EB8-4A26-B18C-7F7F031A4CB4}.Release|Any CPU.ActiveCfg = Release|Any CPU
		{88F80FA5-4EB8-4A26-B18C-7F7F031A4CB4}.Release|Any CPU.Build.0 = Release|Any CPU
		{88F80FA5-4EB8-4A26-B18C-7F7F031A4CB4}.Test|Any CPU.ActiveCfg = Release|Any CPU
		{88F80FA5-4EB8-4A26-B18C-7F7F031A4CB4}.Test|Any CPU.Build.0 = Release|Any CPU
		{375B1833-B14F-480B-990A-195E2C36680A}.Debug|Any CPU.ActiveCfg = Debug|Any CPU
		{375B1833-B14F-480B-990A-195E2C36680A}.Debug|Any CPU.Build.0 = Debug|Any CPU
		{375B1833-B14F-480B-990A-195E2C36680A}.Release|Any CPU.ActiveCfg = Release|Any CPU
		{375B1833-B14F-480B-990A-195E2C36680A}.Release|Any CPU.Build.0 = Release|Any CPU
		{375B1833-B14F-480B-990A-195E2C36680A}.Test|Any CPU.ActiveCfg = Release|Any CPU
		{375B1833-B14F-480B-990A-195E2C36680A}.Test|Any CPU.Build.0 = Release|Any CPU
		{DEA533A7-8BD6-43CB-9B4A-2DBA8A5E1F40}.Debug|Any CPU.ActiveCfg = Debug|Any CPU
		{DEA533A7-8BD6-43CB-9B4A-2DBA8A5E1F40}.Debug|Any CPU.Build.0 = Debug|Any CPU
		{DEA533A7-8BD6-43CB-9B4A-2DBA8A5E1F40}.Release|Any CPU.ActiveCfg = Release|Any CPU
		{DEA533A7-8BD6-43CB-9B4A-2DBA8A5E1F40}.Release|Any CPU.Build.0 = Release|Any CPU
		{DEA533A7-8BD6-43CB-9B4A-2DBA8A5E1F40}.Test|Any CPU.ActiveCfg = Release|Any CPU
		{DEA533A7-8BD6-43CB-9B4A-2DBA8A5E1F40}.Test|Any CPU.Build.0 = Release|Any CPU
		{C3327C7B-0F78-47B0-A234-240AA7FE017D}.Debug|Any CPU.ActiveCfg = Debug|Any CPU
		{C3327C7B-0F78-47B0-A234-240AA7FE017D}.Debug|Any CPU.Build.0 = Debug|Any CPU
		{C3327C7B-0F78-47B0-A234-240AA7FE017D}.Release|Any CPU.ActiveCfg = Release|Any CPU
		{C3327C7B-0F78-47B0-A234-240AA7FE017D}.Release|Any CPU.Build.0 = Release|Any CPU
		{C3327C7B-0F78-47B0-A234-240AA7FE017D}.Test|Any CPU.ActiveCfg = Release|Any CPU
		{C3327C7B-0F78-47B0-A234-240AA7FE017D}.Test|Any CPU.Build.0 = Release|Any CPU
		{382D1F93-F5A6-4DD8-B2FE-F3D75422F7FA}.Debug|Any CPU.ActiveCfg = Debug|Any CPU
		{382D1F93-F5A6-4DD8-B2FE-F3D75422F7FA}.Debug|Any CPU.Build.0 = Debug|Any CPU
		{382D1F93-F5A6-4DD8-B2FE-F3D75422F7FA}.Release|Any CPU.ActiveCfg = Release|Any CPU
		{382D1F93-F5A6-4DD8-B2FE-F3D75422F7FA}.Release|Any CPU.Build.0 = Release|Any CPU
		{382D1F93-F5A6-4DD8-B2FE-F3D75422F7FA}.Test|Any CPU.ActiveCfg = Release|Any CPU
		{382D1F93-F5A6-4DD8-B2FE-F3D75422F7FA}.Test|Any CPU.Build.0 = Release|Any CPU
		{288F1A77-88CC-45D0-B0F6-B638DA0689AD}.Debug|Any CPU.ActiveCfg = Debug|Any CPU
		{288F1A77-88CC-45D0-B0F6-B638DA0689AD}.Debug|Any CPU.Build.0 = Debug|Any CPU
		{288F1A77-88CC-45D0-B0F6-B638DA0689AD}.Release|Any CPU.ActiveCfg = Release|Any CPU
		{288F1A77-88CC-45D0-B0F6-B638DA0689AD}.Release|Any CPU.Build.0 = Release|Any CPU
		{288F1A77-88CC-45D0-B0F6-B638DA0689AD}.Test|Any CPU.ActiveCfg = Release|Any CPU
		{288F1A77-88CC-45D0-B0F6-B638DA0689AD}.Test|Any CPU.Build.0 = Release|Any CPU
		{41BC50E9-6EE0-49DE-87CC-2A756ABE8D2E}.Debug|Any CPU.ActiveCfg = Debug|Any CPU
		{41BC50E9-6EE0-49DE-87CC-2A756ABE8D2E}.Debug|Any CPU.Build.0 = Debug|Any CPU
		{41BC50E9-6EE0-49DE-87CC-2A756ABE8D2E}.Release|Any CPU.ActiveCfg = Release|Any CPU
		{41BC50E9-6EE0-49DE-87CC-2A756ABE8D2E}.Release|Any CPU.Build.0 = Release|Any CPU
		{41BC50E9-6EE0-49DE-87CC-2A756ABE8D2E}.Test|Any CPU.ActiveCfg = Release|Any CPU
		{41BC50E9-6EE0-49DE-87CC-2A756ABE8D2E}.Test|Any CPU.Build.0 = Release|Any CPU
		{5D017D2B-0147-4DD9-9CC8-4C35F0AE66DB}.Debug|Any CPU.ActiveCfg = Debug|Any CPU
		{5D017D2B-0147-4DD9-9CC8-4C35F0AE66DB}.Debug|Any CPU.Build.0 = Debug|Any CPU
		{5D017D2B-0147-4DD9-9CC8-4C35F0AE66DB}.Release|Any CPU.ActiveCfg = Release|Any CPU
		{5D017D2B-0147-4DD9-9CC8-4C35F0AE66DB}.Release|Any CPU.Build.0 = Release|Any CPU
		{5D017D2B-0147-4DD9-9CC8-4C35F0AE66DB}.Test|Any CPU.ActiveCfg = Release|Any CPU
		{5D017D2B-0147-4DD9-9CC8-4C35F0AE66DB}.Test|Any CPU.Build.0 = Release|Any CPU
		{A5FD7415-E2C5-4049-8DF1-E22E1648846D}.Debug|Any CPU.ActiveCfg = Debug|Any CPU
		{A5FD7415-E2C5-4049-8DF1-E22E1648846D}.Debug|Any CPU.Build.0 = Debug|Any CPU
		{A5FD7415-E2C5-4049-8DF1-E22E1648846D}.Release|Any CPU.ActiveCfg = Release|Any CPU
		{A5FD7415-E2C5-4049-8DF1-E22E1648846D}.Release|Any CPU.Build.0 = Release|Any CPU
		{A5FD7415-E2C5-4049-8DF1-E22E1648846D}.Test|Any CPU.ActiveCfg = Release|Any CPU
		{A5FD7415-E2C5-4049-8DF1-E22E1648846D}.Test|Any CPU.Build.0 = Release|Any CPU
		{EDA6F04D-5373-41DF-BEED-99244DDAA889}.Debug|Any CPU.ActiveCfg = Debug|Any CPU
		{EDA6F04D-5373-41DF-BEED-99244DDAA889}.Debug|Any CPU.Build.0 = Debug|Any CPU
		{EDA6F04D-5373-41DF-BEED-99244DDAA889}.Release|Any CPU.ActiveCfg = Release|Any CPU
		{EDA6F04D-5373-41DF-BEED-99244DDAA889}.Release|Any CPU.Build.0 = Release|Any CPU
		{EDA6F04D-5373-41DF-BEED-99244DDAA889}.Test|Any CPU.ActiveCfg = Test|Any CPU
		{EDA6F04D-5373-41DF-BEED-99244DDAA889}.Test|Any CPU.Build.0 = Test|Any CPU
		{9A25AE5E-D74A-4D0A-A357-DD55D105882E}.Debug|Any CPU.ActiveCfg = Debug|Any CPU
		{9A25AE5E-D74A-4D0A-A357-DD55D105882E}.Debug|Any CPU.Build.0 = Debug|Any CPU
		{9A25AE5E-D74A-4D0A-A357-DD55D105882E}.Release|Any CPU.ActiveCfg = Release|Any CPU
		{9A25AE5E-D74A-4D0A-A357-DD55D105882E}.Release|Any CPU.Build.0 = Release|Any CPU
		{9A25AE5E-D74A-4D0A-A357-DD55D105882E}.Test|Any CPU.ActiveCfg = Release|Any CPU
		{9A25AE5E-D74A-4D0A-A357-DD55D105882E}.Test|Any CPU.Build.0 = Release|Any CPU
		{803B7A41-F345-4A8F-9D0B-78F803F3FB3F}.Debug|Any CPU.ActiveCfg = Debug|Any CPU
		{803B7A41-F345-4A8F-9D0B-78F803F3FB3F}.Debug|Any CPU.Build.0 = Debug|Any CPU
		{803B7A41-F345-4A8F-9D0B-78F803F3FB3F}.Release|Any CPU.ActiveCfg = Release|Any CPU
		{803B7A41-F345-4A8F-9D0B-78F803F3FB3F}.Release|Any CPU.Build.0 = Release|Any CPU
		{803B7A41-F345-4A8F-9D0B-78F803F3FB3F}.Test|Any CPU.ActiveCfg = Release|Any CPU
		{803B7A41-F345-4A8F-9D0B-78F803F3FB3F}.Test|Any CPU.Build.0 = Release|Any CPU
		{6FEE2768-C311-477B-83C0-22A6F8617830}.Debug|Any CPU.ActiveCfg = Debug|Any CPU
		{6FEE2768-C311-477B-83C0-22A6F8617830}.Debug|Any CPU.Build.0 = Debug|Any CPU
		{6FEE2768-C311-477B-83C0-22A6F8617830}.Release|Any CPU.ActiveCfg = Release|Any CPU
		{6FEE2768-C311-477B-83C0-22A6F8617830}.Release|Any CPU.Build.0 = Release|Any CPU
		{6FEE2768-C311-477B-83C0-22A6F8617830}.Test|Any CPU.ActiveCfg = Release|Any CPU
		{6FEE2768-C311-477B-83C0-22A6F8617830}.Test|Any CPU.Build.0 = Release|Any CPU
		{CD4A1150-D98B-408D-B6F5-BF53C40965DF}.Debug|Any CPU.ActiveCfg = Debug|Any CPU
		{CD4A1150-D98B-408D-B6F5-BF53C40965DF}.Debug|Any CPU.Build.0 = Debug|Any CPU
		{CD4A1150-D98B-408D-B6F5-BF53C40965DF}.Release|Any CPU.ActiveCfg = Release|Any CPU
		{CD4A1150-D98B-408D-B6F5-BF53C40965DF}.Release|Any CPU.Build.0 = Release|Any CPU
		{CD4A1150-D98B-408D-B6F5-BF53C40965DF}.Test|Any CPU.ActiveCfg = Release|Any CPU
		{CD4A1150-D98B-408D-B6F5-BF53C40965DF}.Test|Any CPU.Build.0 = Release|Any CPU
		{1DE3C862-DEC2-44AF-8C71-21DC8A729421}.Debug|Any CPU.ActiveCfg = Debug|Any CPU
		{1DE3C862-DEC2-44AF-8C71-21DC8A729421}.Debug|Any CPU.Build.0 = Debug|Any CPU
		{1DE3C862-DEC2-44AF-8C71-21DC8A729421}.Release|Any CPU.ActiveCfg = Release|Any CPU
		{1DE3C862-DEC2-44AF-8C71-21DC8A729421}.Release|Any CPU.Build.0 = Release|Any CPU
		{1DE3C862-DEC2-44AF-8C71-21DC8A729421}.Test|Any CPU.ActiveCfg = Release|Any CPU
		{1DE3C862-DEC2-44AF-8C71-21DC8A729421}.Test|Any CPU.Build.0 = Release|Any CPU
		{AF3B1B2A-7D84-46A3-A53D-71B84BEB1F4C}.Debug|Any CPU.ActiveCfg = Debug|Any CPU
		{AF3B1B2A-7D84-46A3-A53D-71B84BEB1F4C}.Debug|Any CPU.Build.0 = Debug|Any CPU
		{AF3B1B2A-7D84-46A3-A53D-71B84BEB1F4C}.Release|Any CPU.ActiveCfg = Release|Any CPU
		{AF3B1B2A-7D84-46A3-A53D-71B84BEB1F4C}.Release|Any CPU.Build.0 = Release|Any CPU
		{AF3B1B2A-7D84-46A3-A53D-71B84BEB1F4C}.Test|Any CPU.ActiveCfg = Release|Any CPU
		{AF3B1B2A-7D84-46A3-A53D-71B84BEB1F4C}.Test|Any CPU.Build.0 = Release|Any CPU
	EndGlobalSection
	GlobalSection(SolutionProperties) = preSolution
		HideSolutionNode = FALSE
	EndGlobalSection
	GlobalSection(ExtensibilityGlobals) = postSolution
		SolutionGuid = {5A5D7A97-FC47-448E-955D-BC4B2B9E0E71}
	EndGlobalSection
EndGlobal
